{
  "requires": true,
  "lockfileVersion": 1,
  "dependencies": {
    "@jean-merelis/ngx-monaco-editor": {
      "version": "17.3.4",
      "resolved": "https://registry.npmjs.org/@jean-merelis/ngx-monaco-editor/-/ngx-monaco-editor-17.3.4.tgz",
      "integrity": "sha512-+v/++btvfr/HqNZ0KIbxc2BRsBYNkmazBoCmD7YBXADdUQBJw8h8WugngoSkYF+fDnApnYL+Ert/J44jTbN7KA==",
      "requires": {
        "tslib": "^2.3.0"
      }
    },
    "monaco-editor": {
      "version": "0.49.0",
      "resolved": "https://registry.npmjs.org/monaco-editor/-/monaco-editor-0.49.0.tgz",
      "integrity": "sha512-2I8/T3X/hLxB2oPHgqcNYUVdA/ZEFShT7IAujifIPMfKkNbLOqY8XCoyHCXrsdjb36dW9MwoTwBCFpXKMwNwaQ=="
    },
    "ngx-monaco-editor": {
      "version": "12.0.0",
      "resolved": "https://registry.npmjs.org/ngx-monaco-editor/-/ngx-monaco-editor-12.0.0.tgz",
      "integrity": "sha512-/HXTILVwWvrk4OkT1p88nb+PGEqlecQot2VMTdSLbVW7A24fNZpDAF6tNR4Bp3V/abZjShDK8LfsqLePA0tPmw==",
      "requires": {
        "tslib": "^2.1.0"
      }
    },
    "tslib": {
      "version": "2.6.3",
      "resolved": "https://registry.npmjs.org/tslib/-/tslib-2.6.3.tgz",
      "integrity": "sha512-xNvxJEOUiWPGhUuUdQgAJPKOOJfGnIyKySOc09XkKsgdUV/3E2zvwZYdejjmRgPCgcym1juLH3226yA7sEFJKQ=="
    }
  }
}
